# Generated by pub
# See http://pub.dartlang.org/doc/glossary.html#lockfile
packages:
  analyzer_experimental:
    description: analyzer_experimental
    source: hosted
    version: "0.6.3+1"
  args:
    description: args
    source: hosted
    version: "0.6.3+1"
  browser:
    description: browser
    source: hosted
    version: "0.6.3+1"
  dart_web_toolkit:
    description: dart_web_toolkit
    source: hosted
    version: "0.3.17"
  dartling:
    description:
      ref: null
      resolved-ref: bb70cbba4991657d99f957d1f157f64429ce72b5
      url: "git://github.com/dzenanr/dartling.git"
    source: git
    version: "0.0.9"
  dartling_default_app:
    description:
      ref: null
      resolved-ref: "27d2c64148c87288599f7871d3acd2f3f04a12e6"
      url: "git://github.com/dzenanr/dartling_default_app.git"
    source: git
    version: "0.0.3"
  intl:
    description: intl
    source: hosted
    version: "0.6.3+1"
  logging:
    description: logging
    source: hosted
    version: "0.6.3+1"
  meta:
    description: meta
    source: hosted
    version: "0.6.3+1"
  pathos:
    description: pathos
    source: hosted
    version: "0.6.3+1"
  unittest:
    description: unittest
    source: hosted
    version: "0.6.3+1"
